hash: 667e443b7fdaaa7f4aa150d9f5b15c37093e4c3042f6cd7d6728e2ca9eb73275
updated: 2017-12-12T17:07:40.68895436-06:00
imports:
- name: github.com/beorn7/perks
  version: 4c0e84591b9aa9e6dcfdf3e020114cd81f89d5f9
  subpackages:
  - quantile
- name: github.com/btcsuitereleases/btcutil
  version: f2b1058a82554c0c7c3b8809c5956c38374604d8
  subpackages:
  - base58
- name: github.com/FactomProject/basen
  version: fe3947df716ebfda9847eb1b9a48f9592e06478c
- name: github.com/FactomProject/bolt
  version: 952a1b4e9a55f458d536cf703bce25a4e9c99841
- name: github.com/FactomProject/btcutil
  version: 43986820ccd50b2b02b83e575cb3a39c87457482
  subpackages:
  - base58
  - certs
- name: github.com/FactomProject/btcutilecc
  version: d3a63a5752ecf3fbc06bd97365da752111c263df
- name: github.com/FactomProject/ed25519
  version: 38002c4fe7b609c2fa3144a3cc29b997b756bb4c
  subpackages:
  - edwards25519
- name: github.com/FactomProject/factoid
  version: 3ee9763f86849036723d1b059216e08a6d34b184
  subpackages:
  - block
  - database
  - state
  - state/stateinit
  - wallet
- name: github.com/FactomProject/FactomCode
  version: fa03af8ca695eb98cef90a71fd0f506cf54ddbe8
  subpackages:
  - controlpanel
- name: github.com/FactomProject/factomd
  version: e5d18ce6d4dd23a085db03d0f5e58ee88ad629be
  subpackages:
  - anchor
  - common/adminBlock
  - common/constants
  - common/directoryBlock
  - common/directoryBlock/dbInfo
  - common/entryBlock
  - common/entryBlock/specialEntries
  - common/entryCreditBlock
  - common/factoid
  - common/identity
  - common/identityEntries
  - common/interfaces
  - common/messages
  - common/primitives
  - common/primitives/random
  - database/blockExtractor
  - database/boltdb
  - database/databaseOverlay
  - database/hybridDB
  - database/leveldb
  - database/mapdb
  - database/securedb
  - log
  - p2p
  - receipts
  - state
  - testHelper
  - util
  - wsapi
- name: github.com/FactomProject/go-bip32
  version: 3b593af1c415abc1017648e4eb24a88c32fee0f3
- name: github.com/FactomProject/go-bip39
  version: d1007fb78d9a7ec65314dad412973e63caf4c527
- name: github.com/FactomProject/go-bip44
  version: fd672f46ddc35bb381f497f7b64c9cf34f9e0703
- name: github.com/FactomProject/go-simplejson
  version: aabad6e819789e569bd6aabf444c935aa9ba1e44
- name: github.com/FactomProject/go-spew
  version: ddfaec9b42f58fc8172b0cbb03b21c6668dd0a46
  subpackages:
  - spew
- name: github.com/FactomProject/goleveldb
  version: e7800c6976c5d75f0a9c5e9e0e2ff8086940e58f
  subpackages:
  - leveldb
  - leveldb/cache
  - leveldb/comparer
  - leveldb/errors
  - leveldb/filter
  - leveldb/iterator
  - leveldb/journal
  - leveldb/memdb
  - leveldb/opt
  - leveldb/storage
  - leveldb/table
  - leveldb/util
- name: github.com/FactomProject/logrustash
  version: 9c7278ede46e1ccc03f0b17d6663730c340acb81
- name: github.com/FactomProject/netki-go-partner-client
  version: 426acb535e66cc2f9e6226ae254555e3572fd142
- name: github.com/FactomProject/snappy-go
  version: f2f83b22c29e5abc60e3a95062ce1491d3b95371
- name: github.com/FactomProject/web
  version: 7daee1bf727fc2cd9142b9a73a797f98b3180756
- name: github.com/golang/protobuf
  version: 1f49d83d9aa00e6ce4fc8258c71cc7786aec968a
  subpackages:
  - proto
- name: github.com/matttproud/golang_protobuf_extensions
  version: c12348ce28de40eed0136aa2b644d0ee0650e56c
  subpackages:
  - pbutil
- name: github.com/prometheus/client_golang
  version: c5b7fccd204277076155f10851dad72b76a49317
  subpackages:
  - prometheus
- name: github.com/prometheus/client_model
  version: fa8ad6fec33561be4280a8f0514318c79d7f6cb6
  subpackages:
  - go
- name: github.com/prometheus/common
  version: 616e90af75cc300730196d04f3676f838d70414f
  subpackages:
  - expfmt
  - internal/bitbucket.org/ww/goautoneg
  - model
- name: github.com/prometheus/procfs
  version: abf152e5f3e97f2fafac028d2cc06c1feb87ffa5
- name: github.com/sirupsen/logrus
  version: d682213848ed68c0a260ca37d6dd5ace8423f5ba
- name: golang.org/x/crypto
  version: 94eea52f7b742c7cbe0b03b22f0c4c8631ece122
  subpackages:
  - pbkdf2
  - ripemd160
  - scrypt
  - ssh/terminal
- name: golang.org/x/net
  version: d866cfc389cec985d6fda2859936a575a55a3ab6
  subpackages:
  - websocket
- name: golang.org/x/sys
  version: 53aa286056ef226755cd898109dbcdaba8ac0b81
  subpackages:
  - unix
  - windows
- name: gopkg.in/gcfg.v1
  version: 298b7a6a3838f79debfaee8bd3bfb2b8d779e756
  subpackages:
  - scanner
  - token
  - types
- name: gopkg.in/warnings.v0
  version: ec4a0fea49c7b46c2aeb0b51aac55779c607e52b
testImports: []
