hash: 667e443b7fdaaa7f4aa150d9f5b15c37093e4c3042f6cd7d6728e2ca9eb73275
updated: 2017-03-31T15:42:17.65751141-05:00
imports:
- name: github.com/btcsuitereleases/btcutil
  version: f2b1058a82554c0c7c3b8809c5956c38374604d8
  subpackages:
  - base58
- name: github.com/FactomProject/basen
  version: fe3947df716ebfda9847eb1b9a48f9592e06478c
- name: github.com/FactomProject/bolt
  version: 952a1b4e9a55f458d536cf703bce25a4e9c99841
- name: github.com/FactomProject/btcutil
  version: 43986820ccd50b2b02b83e575cb3a39c87457482
  subpackages:
  - base58
  - certs
- name: github.com/FactomProject/btcutilecc
  version: d3a63a5752ecf3fbc06bd97365da752111c263df
- name: github.com/FactomProject/ed25519
  version: 38002c4fe7b609c2fa3144a3cc29b997b756bb4c
  subpackages:
  - edwards25519
- name: github.com/FactomProject/factoid
  version: 3ee9763f86849036723d1b059216e08a6d34b184
  subpackages:
  - block
  - database
  - state
  - state/stateinit
  - wallet
- name: github.com/FactomProject/FactomCode
  version: fa03af8ca695eb98cef90a71fd0f506cf54ddbe8
  subpackages:
  - controlpanel
- name: github.com/FactomProject/go-bip32
  version: 3b593af1c415abc1017648e4eb24a88c32fee0f3
- name: github.com/FactomProject/go-bip39
  version: d1007fb78d9a7ec65314dad412973e63caf4c527
- name: github.com/FactomProject/go-bip44
  version: fd672f46ddc35bb381f497f7b64c9cf34f9e0703
- name: github.com/FactomProject/go-simplejson
  version: aabad6e819789e569bd6aabf444c935aa9ba1e44
- name: github.com/FactomProject/go-spew
  version: ddfaec9b42f58fc8172b0cbb03b21c6668dd0a46
  subpackages:
  - spew
- name: github.com/FactomProject/goleveldb
  version: 9d147f2b8f767adca2a29f9728658681081b03a8
  subpackages:
  - leveldb
  - leveldb/cache
  - leveldb/comparer
  - leveldb/errors
  - leveldb/filter
  - leveldb/iterator
  - leveldb/journal
  - leveldb/memdb
  - leveldb/opt
  - leveldb/storage
  - leveldb/table
  - leveldb/util
- name: github.com/FactomProject/netki-go-partner-client
  version: 426acb535e66cc2f9e6226ae254555e3572fd142
- name: github.com/FactomProject/snappy-go
  version: f2f83b22c29e5abc60e3a95062ce1491d3b95371
- name: github.com/FactomProject/web
  version: 7daee1bf727fc2cd9142b9a73a797f98b3180756
- name: golang.org/x/crypto
  version: 3cb07270c9455e8ad27956a70891c962d121a228
  subpackages:
  - pbkdf2
  - ripemd160
- name: golang.org/x/net
  version: ffcf1bedda3b04ebb15a168a59800a73d6dc0f4d
  subpackages:
  - websocket
- name: golang.org/x/sys
  version: 9a7256cb28ed514b4e1e5f68959914c4c28a92e0
  subpackages:
  - unix
testImports: []
