hash: 0cad182356c089586558290f9843c55565a1e8833f28939514e76355477064b3
updated: 2016-12-05T03:55:10.437196262-06:00
imports:
- name: github.com/btcsuitereleases/btcutil
  version: f2b1058a82554c0c7c3b8809c5956c38374604d8
  subpackages:
  - base58
- name: github.com/FactomProject/basen
  version: fe3947df716ebfda9847eb1b9a48f9592e06478c
- name: github.com/FactomProject/bolt
  version: 7d662c5bb27d9defa01fa0563959594bb77ee62b
- name: github.com/FactomProject/btcutil
  version: 43986820ccd50b2b02b83e575cb3a39c87457482
  subpackages:
  - base58
  - certs
- name: github.com/FactomProject/btcutilecc
  version: d3a63a5752ecf3fbc06bd97365da752111c263df
- name: github.com/FactomProject/ed25519
  version: 38002c4fe7b609c2fa3144a3cc29b997b756bb4c
  subpackages:
  - edwards25519
- name: github.com/FactomProject/factoid
  version: 3ee9763f86849036723d1b059216e08a6d34b184
  subpackages:
  - block
  - database
  - state
  - state/stateinit
  - wallet
- name: github.com/FactomProject/FactomCode
  version: fa03af8ca695eb98cef90a71fd0f506cf54ddbe8
  subpackages:
  - controlpanel
- name: github.com/FactomProject/go-bip32
  version: 58394f75c1d04ee30972d810015f491b9c7bee02
- name: github.com/FactomProject/go-bip39
  version: b26bf5b8a88111792f0c215417dac76dd5d79e7c
- name: github.com/FactomProject/go-bip44
  version: 16882256c7583834d58c3996e63142a7af1bfac5
- name: github.com/FactomProject/go-simplejson
  version: aabad6e819789e569bd6aabf444c935aa9ba1e44
- name: github.com/FactomProject/go-spew
  version: ddfaec9b42f58fc8172b0cbb03b21c6668dd0a46
  subpackages:
  - spew
- name: github.com/FactomProject/goleveldb
  version: b882f9c7069c9730b1e7f8dd17250dabcaefa5ba
  subpackages:
  - leveldb
  - leveldb/cache
  - leveldb/comparer
  - leveldb/errors
  - leveldb/filter
  - leveldb/iterator
  - leveldb/journal
  - leveldb/memdb
  - leveldb/opt
  - leveldb/storage
  - leveldb/table
  - leveldb/util
- name: github.com/FactomProject/netki-go-partner-client
  version: 426acb535e66cc2f9e6226ae254555e3572fd142
- name: github.com/FactomProject/snappy-go
  version: fff4c573c694b1e2d5c7a9b2b72dbe947b6a4c8e
  subpackages:
  - snappy
- name: github.com/FactomProject/web
  version: 7daee1bf727fc2cd9142b9a73a797f98b3180756
- name: golang.org/x/crypto
  version: 8a549a1948fc5271eb24f36dcb0d3b47dec75a16
  subpackages:
  - pbkdf2
  - ripemd160
- name: golang.org/x/net
  version: 6cdc0daab091c43fc46193327e0047b4f883c613
  subpackages:
  - websocket
- name: golang.org/x/sys
  version: f5a6bd43051d3f1f5dd3e0dbd531721aa5e75d28
  subpackages:
  - unix
testImports: []
