github.com/FactomProject/FactomCode v0.0.0-20161025182523-fa03af8ca695/go.mod h1:7XksVta7THNbD031Ax0/dS5RKMS+ug+d7/Lmti8jAhE=
github.com/FactomProject/basen v0.0.0-20150613233007-fe3947df716e h1:ahyvB3q25YnZWly5Gq1ekg6jcmWaGj/vG/MhF4aisoc=
github.com/FactomProject/basen v0.0.0-20150613233007-fe3947df716e/go.mod h1:kGUqhHd//musdITWjFvNTHn90WG9bMLBEPQZ17Cmlpw=
github.com/FactomProject/bolt v0.0.0-20170202195217-952a1b4e9a55/go.mod h1:k4IUvMzQDQ2NeL83bQxOOrSJWCqkaG6ZEYxVgA/Mx2k=
github.com/FactomProject/btcutil v0.0.0-20160826074221-43986820ccd5 h1:cysv7OcQYt+P7IH1ZQAE1akzlwm+EXvxG6/0jYlJIE4=
github.com/FactomProject/btcutil v0.0.0-20160826074221-43986820ccd5/go.mod h1:vneMtVKjkLz6PtiXS/HB0UJXAF77wndeJwZiqaVrN84=
github.com/FactomProject/btcutilecc v0.0.0-20130527213604-d3a63a5752ec h1:1Qb69mGp/UtRPn422BH4/Y4Q3SLUrD9KHuDkm8iodFc=
github.com/FactomProject/btcutilecc v0.0.0-20130527213604-d3a63a5752ec/go.mod h1:CD8UlnlLDiqb36L110uqiP2iSflVjx9g/3U9hCI4q2U=
github.com/FactomProject/ed25519 v0.0.0-20150814230546-38002c4fe7b6 h1:e2tpL8IfImGBR8qODlnb/hnwPhS4wWzoOUKoFrA3RFQ=
github.com/FactomProject/ed25519 v0.0.0-20150814230546-38002c4fe7b6/go.mod h1:x54uxtF9AnHAvx2kRoIxKYLuUV+bRjUQ6u/3FhfmO5g=
github.com/FactomProject/factoid v0.0.0-20160420180514-3ee9763f8684/go.mod h1:ExOuHMC672nR0h9b+jaTiW9ilQeWQOap4OXixzW359M=
github.com/FactomProject/go-bip32 v0.0.0-20161206200006-3b593af1c415 h1:MBKX2dt7hF3stchte/62OyVM9TWNNPo0inixeqOECjg=
github.com/FactomProject/go-bip32 v0.0.0-20161206200006-3b593af1c415/go.mod h1:efm/M7J/CGmQ5dPtGM0GWod5LuyShuFET6oY13168w4=
github.com/FactomProject/go-bip39 v0.0.0-20161217174232-d1007fb78d9a h1:2kkqKmbjjBZa6gZPMJPLca2THREqyDyRneB0DNf3gTc=
github.com/FactomProject/go-bip39 v0.0.0-20161217174232-d1007fb78d9a/go.mod h1:ygPVOtW424QxnJMze9XYDeh4wT19V3iVDOqVUl/USkE=
github.com/FactomProject/go-bip44 v0.0.0-20161206084836-fd672f46ddc3 h1:r1lWUdR3bTNO3db3Ji6ncFj649hnFXm/lvd8lIgUZXU=
github.com/FactomProject/go-bip44 v0.0.0-20161206084836-fd672f46ddc3/go.mod h1:4H/Y1yLgSJvRV4iqilsVhYlqXkPgf1QonpKyt6sdP+Q=
github.com/FactomProject/go-simplejson v0.5.0 h1:gO5Z2gV3+kqWcu8/TrjAbim0yFqUcFll7HzAhdxah7s=
github.com/FactomProject/go-simplejson v0.5.0/go.mod h1:P6XXHV5dI0hIZte+dQ4G8tzNIiyuF/UMVuInbQd036g=
github.com/FactomProject/go-spew v0.0.0-20160301052117-ddfaec9b42f5/go.mod h1:GITz+lAXWwMHRf2FjgacVJ9cTGsorym6PCzoUw0DiAM=
github.com/FactomProject/goleveldb v0.0.0-20170418171130-e7800c6976c5/go.mod h1:35UcJZvsGJAgxqegkfDb5S78gTlx/Pypzy4rZfM1pQA=
github.com/FactomProject/netki-go-partner-client v0.0.0-20160324224126-426acb535e66 h1:H4nFZnW3EpbcefxbJAJxWCl7niO07QpKt8KeHtLwHoc=
github.com/FactomProject/netki-go-partner-client v0.0.0-20160324224126-426acb535e66/go.mod h1:L+Od0CCfb8IzUbPM4UxLaERB1I6Bw/lD2UtzRM90pIw=
github.com/FactomProject/snappy-go v0.0.0-20170202213131-f2f83b22c29e/go.mod h1:BQArcOnbPAS9l2B9Eo1R2i73/Es6PHRP0RrctmiH5jk=
github.com/FactomProject/web v0.0.0-20161121182748-7daee1bf727f/go.mod h1:wiLhlN8amF4dalkSy+u75C3xsXaesSHy2cph6b/8PrI=
github.com/btcsuitereleases/btcutil v0.0.0-20150612230727-f2b1058a8255/go.mod h1:cUeoYJcc2EfS9DIrDrJ44AjirCbgkmThYeFu/yEddxs=
golang.org/x/crypto v0.0.0-20171219041129-d585fd2cc919 h1:qFAJ1NcSrOkLdaMbN6OmWeqHdp0aFZy7uWOdL/5ddnU=
golang.org/x/crypto v0.0.0-20171219041129-d585fd2cc919/go.mod h1:6SG95UA2DQfeDnfUPMdvaQW0Q7yPrPDi9nlGo2tz2b4=
golang.org/x/net v0.0.0-20171212005608-d866cfc389ce/go.mod h1:mL1N/T3taQHkDXs73rZJwtUhF3w3ftmwwsq0BUmARs4=
golang.org/x/sys v0.0.0-20171220172423-d818ba11af44/go.mod h1:STP8DvDyc/dI5b8T5hshtkjS+E42TnysNCUPdjciGhY=
